{
  "name": "cgxslap-master",
  "version": "1.0.0",
  "lockfileVersion": 3,
  "requires": true,
  "packages": {
    "": {
      "name": "cgxslap-master",
      "version": "1.0.0",
      "license": "ISC",
      "dependencies": {
        "@chakra-ui/icons": "^2.1.1",
        "@chakra-ui/react": "^2.8.2",
        "@emotion/react": "^11.13.3",
        "@emotion/styled": "^11.13.0",
        "chart.js": "^4.4.4",
        "colors": "^1.4.0",
        "dotenv": "^16.4.5",
        "express": "^4.20.0",
        "express-async-handler": "^1.2.0",
        "framer-motion": "^11.5.4",
        "mongodb": "^6.8.1",
        "mongoose": "^8.5.3",
        "react": "^18.3.1",
        "react-chartjs-2": "^5.2.0",
        "react-confetti": "^6.1.0",
        "react-dom": "^18.3.1",
        "react-icons": "^5.3.0",
        "react-router-dom": "^6.26.1",
        "react-share": "^5.1.0"
      },
      "devDependencies": {
        "concurrently": "^8.2.2",
        "jest": "^29.7.0",
        "nodemon": "^3.1.4",
        "supertest": "^7.0.0"
      }
    },
    "node_modules/@chakra-ui/icons": {
      "version": "2.1.1",
      "resolved": "https://registry.npmjs.org/@chakra-ui/icons/-/icons-2.1.1.tgz",
      "integrity": "sha512-3p30hdo4LlRZTT5CwoAJq3G9fHI0wDc0pBaMHj4SUn0yomO+RcDRlzhdXqdr5cVnzax44sqXJVnf3oQG0eI+4g=="
    },
    "node_modules/@chakra-ui/react": {
      "version": "2.8.2",
      "resolved": "https://registry.npmjs.org/@chakra-ui/react/-/react-2.8.2.tgz",
      "integrity": "sha512-Hn0moyxxyCDKuR9ywYpqgX8dvjqwu9ArwpIb9wHNYjnODETjLwazgNIliCVBRcJvysGRiV51U2/JtJVrpeCjUQ=="
    },
    "node_modules/@emotion/react": {
      "version": "11.13.3",
      "resolved": "https://registry.npmjs.org/@emotion/react/-/react-11.13.3.tgz",
      "integrity": "sha512-lIsdU6JNrmYfJ5EbUCf4xW1ovy5wKQ2CkPRM4xogziOxH1nXxBSjpC9YqbFAP7circxMfYp+6x676BqWcEiixg=="
    },
    "node_modules/@emotion/styled": {
      "version": "11.13.0",
      "resolved": "https://registry.npmjs.org/@emotion/styled/-/styled-11.13.0.tgz",
      "integrity": "sha512-tkzkY7nQhW/zC4hztlwucpT8QEZ6eUzpXDRhww/Eej4tFfO0FxQYWRyg/c5CCXa4d/f174kqeXYjuQRnhzf6dA=="
    },
    "node_modules/chart.js": {
      "version": "4.4.4",
      "resolved": "https://registry.npmjs.org/chart.js/-/chart.js-4.4.4.tgz",
      "integrity": "sha512-emICKGBABnxhMjUjlYRR12PmOXhJ2eJjEHL2/dZlWjxRAZT1D8xplLFq5M0tMQK8ja+wBS/tuVEJB5C6r7VxJA==",
      "engines": {
        "pnpm": ">=8"
      }
    },
    "node_modules/colors": {
      "version": "1.4.0",
      "resolved": "https://registry.npmjs.org/colors/-/colors-1.4.0.tgz",
      "integrity": "sha512-a+UqTh4kgZg/SlGvfbzDHpgRu7AAQOmmqRHJnxhRZICKFUT91brVhNNt58CMWU9PsBbv3PDCZUHbVxuDiH2mtA==",
      "engines": {
        "node": ">=0.1.90"
      }
    },
    "node_modules/concurrently": {
      "version": "8.2.2",
      "resolved": "https://registry.npmjs.org/concurrently/-/concurrently-8.2.2.tgz",
      "integrity": "sha512-1dP4gpXFhei8IOtlXRE/T/4H88ElHgTiUzh71YUmtjTEHMSRS2Z/fgOxHSxxusGHogsRfxNq1vyAwxSC+EVyDg==",
      "dev": true,
      "bin": {
        "conc": "dist/bin/concurrently.js",
        "concurrently": "dist/bin/concurrently.js"
      },
      "engines": {
        "node": "^14.13.0 || >=16.0.0"
      },
      "funding": {
        "url": "https://github.com/open-cli-tools/concurrently?sponsor=1"
      }
    },
    "node_modules/dotenv": {
      "version": "16.4.5",
      "resolved": "https://registry.npmjs.org/dotenv/-/dotenv-16.4.5.tgz",
      "integrity": "sha512-ZmdL2rui+eB2YwhsWzjInR8LldtZHGDoQ1ugH85ppHKwpUHL7j7rN0Ti9NCnGiQbhaZ11FpR+7ao1dNsmduNUg==",
      "engines": {
        "node": ">=12"
      },
      "funding": {
        "url": "https://dotenvx.com"
      }
    },
    "node_modules/express": {
      "version": "4.20.0",
      "resolved": "https://registry.npmjs.org/express/-/express-4.20.0.tgz",
      "integrity": "sha512-pLdae7I6QqShF5PnNTCVn4hI91Dx0Grkn2+IAsMTgMIKuQVte2dN9PeGSSAME2FR8anOhVA62QDIUaWVfEXVLw==",
      "engines": {
        "node": ">= 0.10.0"
      }
    },
    "node_modules/express-async-handler": {
      "version": "1.2.0",
      "resolved": "https://registry.npmjs.org/express-async-handler/-/express-async-handler-1.2.0.tgz",
      "integrity": "sha512-rCSVtPXRmQSW8rmik/AIb2P0op6l7r1fMW538yyvTMltCO4xQEWMmobfrIxN2V1/mVrgxB8Az3reYF6yUZw37w=="
    },
    "node_modules/framer-motion": {
      "version": "11.5.4",
      "resolved": "https://registry.npmjs.org/framer-motion/-/framer-motion-11.5.4.tgz",
      "integrity": "sha512-E+tb3/G6SO69POkdJT+3EpdMuhmtCh9EWuK4I1DnIC23L7tFPrl8vxP+LSovwaw6uUr73rUbpb4FgK011wbRJQ=="
    },
    "node_modules/jest": {
      "version": "29.7.0",
      "resolved": "https://registry.npmjs.org/jest/-/jest-29.7.0.tgz",
      "integrity": "sha512-NIy3oAFp9shda19hy4HK0HRTWKtPJmGdnvywu01nOqNC2vZg+Z+fvJDxpMQA88eb2I9EcafcdjYgsDthnYTvGw==",
      "dev": true,
      "bin": {
        "jest": "bin/jest.js"
      },
      "engines": {
        "node": "^14.15.0 || ^16.10.0 || >=18.0.0"
      }
    },
    "node_modules/mongodb": {
      "version": "6.8.1",
      "resolved": "https://registry.npmjs.org/mongodb/-/mongodb-6.8.1.tgz",
      "integrity": "sha512-qsS+gl5EJb+VzJqUjXSZ5Y5rbuM/GZlZUEJ2OIVYP10L9rO9DQ0DGp+ceTzsmoADh6QYMWd9MSdG9IxRyYUkEA==",
      "engines": {
        "node": ">=16.20.1"
      }
    },
    "node_modules/mongoose": {
      "version": "8.5.3",
      "resolved": "https://registry.npmjs.org/mongoose/-/mongoose-8.5.3.tgz",
      "integrity": "sha512-OubSDbsAclDFGHjV82MsKyIGQWFc42Ot1l+0dhRS6U9xODM7rm/ES/WpOQd8Ds9j0Mx8QzxZtrSCnBh6o9wUqw==",
      "engines": {
        "node": ">=16.20.1"
      },
      "funding": {
        "type": "opencollective",
        "url": "https://opencollective.com/mongoose"
      }
    },
    "node_modules/nodemon": {
      "version": "3.1.4",
      "resolved": "https://registry.npmjs.org/nodemon/-/nodemon-3.1.4.tgz",
      "integrity": "sha512-wjPBbFhtpJwmIeY2yP7QF+UKzPfltVGtfce1g/bB15/8vCGZj8uxD62b/b9M9/WVgme0NZudpownKN+c0plXlQ==",
      "dev": true,
      "bin": {
        "nodemon": "bin/nodemon.js"
      },
      "engines": {
        "node": ">=10"
      },
      "funding": {
        "type": "opencollective",
        "url": "https://opencollective.com/nodemon"
      }
    },
    "node_modules/react": {
      "version": "18.3.1",
      "resolved": "https://registry.npmjs.org/react/-/react-18.3.1.tgz",
      "integrity": "sha512-wS+hAgJShR0KhEvPJArfuPVN1+Hz1t0Y6n5jLrGQbkb4urgPE/0Rve+1kMB1v/oWgHgm4WIcV+i7F2pTVj+2iQ==",
      "engines": {
        "node": ">=0.10.0"
      }
    },
    "node_modules/react-chartjs-2": {
      "version": "5.2.0",
      "resolved": "https://registry.npmjs.org/react-chartjs-2/-/react-chartjs-2-5.2.0.tgz",
      "integrity": "sha512-98iN5aguJyVSxp5U3CblRLH67J8gkfyGNbiK3c+l1QI/G4irHMPQw44aEPmjVag+YKTyQ260NcF82GTQ3bdscA=="
    },
    "node_modules/react-confetti": {
      "version": "6.1.0",
      "resolved": "https://registry.npmjs.org/react-confetti/-/react-confetti-6.1.0.tgz",
      "integrity": "sha512-7Ypx4vz0+g8ECVxr88W9zhcQpbeujJAVqL14ZnXJ3I23mOI9/oBVTQ3dkJhUmB0D6XOtCZEM6N0Gm9PMngkORw==",
      "engines": {
        "node": ">=10.18"
      }
    },
    "node_modules/react-dom": {
      "version": "18.3.1",
      "resolved": "https://registry.npmjs.org/react-dom/-/react-dom-18.3.1.tgz",
      "integrity": "sha512-5m4nQKp+rZRb09LNH59GM4BxTh9251/ylbKIbpe7TpGxfJ+9kv6BLkLBXIjjspbgbnIBNqlI23tRnTWT0snUIw=="
    },
    "node_modules/react-icons": {
      "version": "5.3.0",
      "resolved": "https://registry.npmjs.org/react-icons/-/react-icons-5.3.0.tgz",
      "integrity": "sha512-DnUk8aFbTyQPSkCfF8dbX6kQjXA9DktMeJqfjrg6cK9vwQVMxmcA3BfP4QoiztVmEHtwlTgLFsPuH2NskKT6eg=="
    },
    "node_modules/react-router-dom": {
      "version": "6.26.1",
      "resolved": "https://registry.npmjs.org/react-router-dom/-/react-router-dom-6.26.1.tgz",
      "integrity": "sha512-veut7m41S1fLql4pLhxeSW3jlqs+4MtjRLj0xvuCEXsxusJCbs6I8yn9BxzzDX2XDgafrccY6hwjmd/bL54tFw==",
      "engines": {
        "node": ">=14.0.0"
      }
    },
    "node_modules/react-share": {
      "version": "5.1.0",
      "resolved": "https://registry.npmjs.org/react-share/-/react-share-5.1.0.tgz",
      "integrity": "sha512-OvyfMtj/0UzH1wi90OdHhZVJ6WUC/+IeWvBwppeZozwIGyAjQgyR0QXlHOrxVHVECqnGvcpBaFTXVrqouTieaw=="
    },
    "node_modules/supertest": {
      "version": "7.0.0",
      "resolved": "https://registry.npmjs.org/supertest/-/supertest-7.0.0.tgz",
      "integrity": "sha512-qlsr7fIC0lSddmA3tzojvzubYxvlGtzumcdHgPwbFWMISQwL22MhM2Y3LNt+6w9Yyx7559VW5ab70dgphm8qQA==",
      "dev": true,
      "engines": {
        "node": ">=14.18.0"
      }
    }
  }
}
